
Microsoft Visual Studio Solution File, Format Version 12.00
# Visual Studio Version 17
VisualStudioVersion = 17.3.32901.215
MinimumVisualStudioVersion = 10.0.40219.1
Project("{FAE04EC0-301F-11D3-BF4B-00C04F79EFBC}") = "Asp.netSession", "Asp.netSession\Asp.netSession.csproj", "{DECA4D0A-DD6F-417F-B4EC-D7BAEAA4D97E}"
EndProject
Global
	GlobalSection(SolutionConfigurationPlatforms) = preSolution
		Debug|Any CPU = Debug|Any CPU
		Release|Any CPU = Release|Any CPU
	EndGlobalSection
	GlobalSection(ProjectConfigurationPlatforms) = postSolution
		{DECA4D0A-DD6F-417F-B4EC-D7BAEAA4D97E}.Debug|Any CPU.ActiveCfg = Debug|Any CPU
		{DECA4D0A-DD6F-417F-B4EC-D7BAEAA4D97E}.Debug|Any CPU.Build.0 = Debug|Any CPU
		{DECA4D0A-DD6F-417F-B4EC-D7BAEAA4D97E}.Release|Any CPU.ActiveCfg = Release|Any CPU
		{DECA4D0A-DD6F-417F-B4EC-D7BAEAA4D97E}.Release|Any CPU.Build.0 = Release|Any CPU
	EndGlobalSection
	GlobalSection(SolutionProperties) = preSolution
		HideSolutionNode = FALSE
	EndGlobalSection
	GlobalSection(ExtensibilityGlobals) = postSolution
		SolutionGuid = {055824FA-8BB1-49B0-AA55-6D657F18C415}
	EndGlobalSection
EndGlobal
